
Microsoft Visual Studio Solution File, Format Version 12.00
# Visual Studio Version 16
VisualStudioVersion = 16.0.30114.105
MinimumVisualStudioVersion = 10.0.40219.1
Project("{2150E333-8FDC-42A3-9474-1A3956D46DE8}") = "gatewasy", "gatewasy", "{40AC74FF-6F21-49D3-BC07-45C1D4875CC5}"
EndProject
Project("{9A19103F-16F7-4668-BE54-9A1E7A4F7556}") = "InternalGateway", "gateways\InternalGateway\InternalGateway.csproj", "{745F3FA2-3F0C-4844-9476-09F34268E459}"
EndProject
Project("{9A19103F-16F7-4668-BE54-9A1E7A4F7556}") = "PublicWebSiteGateway", "gateways\PublicWebSiteGateway\PublicWebSiteGateway.csproj", "{47CC74D2-2113-4995-BF1B-BDC77CCC9C33}"
EndProject
Project("{2150E333-8FDC-42A3-9474-1A3956D46DE8}") = "core", "core", "{E48F7577-A9E2-4454-B73C-7C36916D01CD}"
EndProject
Project("{9A19103F-16F7-4668-BE54-9A1E7A4F7556}") = "Uncmd.Ocelot", "core\src\Uncmd.Ocelot\Uncmd.Ocelot.csproj", "{F05803D5-6DFA-4BF5-95CF-DBE0AE995758}"
EndProject
Project("{2150E333-8FDC-42A3-9474-1A3956D46DE8}") = "src", "src", "{6E8728AD-BAAA-4F39-83C3-6A8B45374F5A}"
EndProject
Project("{2150E333-8FDC-42A3-9474-1A3956D46DE8}") = "test", "test", "{9228DE61-9458-4328-9728-5E753CE0EBD4}"
EndProject
Project("{2150E333-8FDC-42A3-9474-1A3956D46DE8}") = "shared", "shared", "{BD4C5285-520E-4B04-BDAB-3882FAE8195B}"
EndProject
Project("{9A19103F-16F7-4668-BE54-9A1E7A4F7556}") = "Uncmd.Shared", "shared\Uncmd.Shared\Uncmd.Shared.csproj", "{387EB76B-2C52-4209-960B-6BCFD2BB73AC}"
EndProject
Project("{2150E333-8FDC-42A3-9474-1A3956D46DE8}") = "applications", "applications", "{B24C8F1A-C0F7-4BA6-BBAF-6DF50A538496}"
EndProject
Project("{FAE04EC0-301F-11D3-BF4B-00C04F79EFBC}") = "AuthServer.Web", "applications\AuthServer.Web\AuthServer.Web.csproj", "{3348072C-ADAF-4A90-B9EB-98DCED868A7E}"
EndProject
Global
	GlobalSection(SolutionConfigurationPlatforms) = preSolution
		Debug|Any CPU = Debug|Any CPU
		Release|Any CPU = Release|Any CPU
	EndGlobalSection
	GlobalSection(ProjectConfigurationPlatforms) = postSolution
		{745F3FA2-3F0C-4844-9476-09F34268E459}.Debug|Any CPU.ActiveCfg = Debug|Any CPU
		{745F3FA2-3F0C-4844-9476-09F34268E459}.Debug|Any CPU.Build.0 = Debug|Any CPU
		{745F3FA2-3F0C-4844-9476-09F34268E459}.Release|Any CPU.ActiveCfg = Release|Any CPU
		{745F3FA2-3F0C-4844-9476-09F34268E459}.Release|Any CPU.Build.0 = Release|Any CPU
		{47CC74D2-2113-4995-BF1B-BDC77CCC9C33}.Debug|Any CPU.ActiveCfg = Debug|Any CPU
		{47CC74D2-2113-4995-BF1B-BDC77CCC9C33}.Debug|Any CPU.Build.0 = Debug|Any CPU
		{47CC74D2-2113-4995-BF1B-BDC77CCC9C33}.Release|Any CPU.ActiveCfg = Release|Any CPU
		{47CC74D2-2113-4995-BF1B-BDC77CCC9C33}.Release|Any CPU.Build.0 = Release|Any CPU
		{F05803D5-6DFA-4BF5-95CF-DBE0AE995758}.Debug|Any CPU.ActiveCfg = Debug|Any CPU
		{F05803D5-6DFA-4BF5-95CF-DBE0AE995758}.Debug|Any CPU.Build.0 = Debug|Any CPU
		{F05803D5-6DFA-4BF5-95CF-DBE0AE995758}.Release|Any CPU.ActiveCfg = Release|Any CPU
		{F05803D5-6DFA-4BF5-95CF-DBE0AE995758}.Release|Any CPU.Build.0 = Release|Any CPU
		{387EB76B-2C52-4209-960B-6BCFD2BB73AC}.Debug|Any CPU.ActiveCfg = Debug|Any CPU
		{387EB76B-2C52-4209-960B-6BCFD2BB73AC}.Debug|Any CPU.Build.0 = Debug|Any CPU
		{387EB76B-2C52-4209-960B-6BCFD2BB73AC}.Release|Any CPU.ActiveCfg = Release|Any CPU
		{387EB76B-2C52-4209-960B-6BCFD2BB73AC}.Release|Any CPU.Build.0 = Release|Any CPU
		{3348072C-ADAF-4A90-B9EB-98DCED868A7E}.Debug|Any CPU.ActiveCfg = Debug|Any CPU
		{3348072C-ADAF-4A90-B9EB-98DCED868A7E}.Debug|Any CPU.Build.0 = Debug|Any CPU
		{3348072C-ADAF-4A90-B9EB-98DCED868A7E}.Release|Any CPU.ActiveCfg = Release|Any CPU
		{3348072C-ADAF-4A90-B9EB-98DCED868A7E}.Release|Any CPU.Build.0 = Release|Any CPU
	EndGlobalSection
	GlobalSection(SolutionProperties) = preSolution
		HideSolutionNode = FALSE
	EndGlobalSection
	GlobalSection(NestedProjects) = preSolution
		{745F3FA2-3F0C-4844-9476-09F34268E459} = {40AC74FF-6F21-49D3-BC07-45C1D4875CC5}
		{47CC74D2-2113-4995-BF1B-BDC77CCC9C33} = {40AC74FF-6F21-49D3-BC07-45C1D4875CC5}
		{F05803D5-6DFA-4BF5-95CF-DBE0AE995758} = {6E8728AD-BAAA-4F39-83C3-6A8B45374F5A}
		{6E8728AD-BAAA-4F39-83C3-6A8B45374F5A} = {E48F7577-A9E2-4454-B73C-7C36916D01CD}
		{9228DE61-9458-4328-9728-5E753CE0EBD4} = {E48F7577-A9E2-4454-B73C-7C36916D01CD}
		{387EB76B-2C52-4209-960B-6BCFD2BB73AC} = {BD4C5285-520E-4B04-BDAB-3882FAE8195B}
		{3348072C-ADAF-4A90-B9EB-98DCED868A7E} = {B24C8F1A-C0F7-4BA6-BBAF-6DF50A538496}
	EndGlobalSection
	GlobalSection(ExtensibilityGlobals) = postSolution
		SolutionGuid = {F007CA9F-8816-45B9-BC9E-DC8F1A1A9C90}
	EndGlobalSection
EndGlobal
