
Microsoft Visual Studio Solution File, Format Version 12.00
# Visual Studio Version 16
VisualStudioVersion = 16.0.30114.105
MinimumVisualStudioVersion = 10.0.40219.1
Project("{2150E333-8FDC-42A3-9474-1A3956D46DE8}") = "gatewasy", "gatewasy", "{40AC74FF-6F21-49D3-BC07-45C1D4875CC5}"
EndProject
Project("{9A19103F-16F7-4668-BE54-9A1E7A4F7556}") = "InternalGateway", "gateways\InternalGateway\InternalGateway.csproj", "{745F3FA2-3F0C-4844-9476-09F34268E459}"
EndProject
Project("{9A19103F-16F7-4668-BE54-9A1E7A4F7556}") = "PublicWebSiteGateway", "gateways\PublicWebSiteGateway\PublicWebSiteGateway.csproj", "{47CC74D2-2113-4995-BF1B-BDC77CCC9C33}"
EndProject
Project("{2150E333-8FDC-42A3-9474-1A3956D46DE8}") = "core", "core", "{E48F7577-A9E2-4454-B73C-7C36916D01CD}"
EndProject
Project("{9A19103F-16F7-4668-BE54-9A1E7A4F7556}") = "Uncmd.Ocelot", "core\src\Uncmd.Ocelot\Uncmd.Ocelot.csproj", "{F05803D5-6DFA-4BF5-95CF-DBE0AE995758}"
EndProject
Project("{2150E333-8FDC-42A3-9474-1A3956D46DE8}") = "src", "src", "{6E8728AD-BAAA-4F39-83C3-6A8B45374F5A}"
EndProject
Project("{2150E333-8FDC-42A3-9474-1A3956D46DE8}") = "test", "test", "{9228DE61-9458-4328-9728-5E753CE0EBD4}"
EndProject
Project("{2150E333-8FDC-42A3-9474-1A3956D46DE8}") = "shared", "shared", "{BD4C5285-520E-4B04-BDAB-3882FAE8195B}"
EndProject
Project("{9A19103F-16F7-4668-BE54-9A1E7A4F7556}") = "Uncmd.Shared", "shared\Uncmd.Shared\Uncmd.Shared.csproj", "{387EB76B-2C52-4209-960B-6BCFD2BB73AC}"
EndProject
Project("{2150E333-8FDC-42A3-9474-1A3956D46DE8}") = "applications", "applications", "{B24C8F1A-C0F7-4BA6-BBAF-6DF50A538496}"
EndProject
Project("{9A19103F-16F7-4668-BE54-9A1E7A4F7556}") = "AuthServer.Web", "applications\AuthServer.Web\AuthServer.Web.csproj", "{3348072C-ADAF-4A90-B9EB-98DCED868A7E}"
EndProject
Project("{9A19103F-16F7-4668-BE54-9A1E7A4F7556}") = "ConsoleClientDemo", "applications\ConsoleClientDemo\ConsoleClientDemo.csproj", "{EC27EB5E-BAE8-4F08-80AD-9CC535E2A674}"
EndProject
Project("{2150E333-8FDC-42A3-9474-1A3956D46DE8}") = "modules", "modules", "{52930C5D-DF9B-4067-BBBE-258ECEEA9224}"
EndProject
Project("{2150E333-8FDC-42A3-9474-1A3956D46DE8}") = "Blogging", "Blogging", "{BBBA084F-62C1-4D76-AA2D-D45361D253D6}"
EndProject
Project("{2150E333-8FDC-42A3-9474-1A3956D46DE8}") = "src", "src", "{5101C34F-96FB-4EE7-964D-120741276D5B}"
EndProject
Project("{2150E333-8FDC-42A3-9474-1A3956D46DE8}") = "test", "test", "{D00DFBEC-A775-4B68-B6F7-4351C3AC1253}"
EndProject
Project("{9A19103F-16F7-4668-BE54-9A1E7A4F7556}") = "Uncmd.Blogging.Application", "modules\Blogging\src\Uncmd.Blogging.Application\Uncmd.Blogging.Application.csproj", "{0A4536A7-CDE1-477A-8A9B-F548598143F3}"
EndProject
Project("{9A19103F-16F7-4668-BE54-9A1E7A4F7556}") = "Uncmd.Blogging.Application.Contracts", "modules\Blogging\src\Uncmd.Blogging.Application.Contracts\Uncmd.Blogging.Application.Contracts.csproj", "{71EF2649-5497-4468-98CE-D64349DFE55B}"
EndProject
Project("{9A19103F-16F7-4668-BE54-9A1E7A4F7556}") = "Uncmd.Blogging.Domain", "modules\Blogging\src\Uncmd.Blogging.Domain\Uncmd.Blogging.Domain.csproj", "{E344E2FF-4904-43A7-9FFE-B7D8DDA6B13B}"
EndProject
Project("{9A19103F-16F7-4668-BE54-9A1E7A4F7556}") = "Uncmd.Blogging.Domain.Shared", "modules\Blogging\src\Uncmd.Blogging.Domain.Shared\Uncmd.Blogging.Domain.Shared.csproj", "{D0F21F29-623C-4D55-A113-E92AE449157C}"
EndProject
Project("{9A19103F-16F7-4668-BE54-9A1E7A4F7556}") = "Uncmd.Blogging.EntityFrameworkCore", "modules\Blogging\src\Uncmd.Blogging.EntityFrameworkCore\Uncmd.Blogging.EntityFrameworkCore.csproj", "{F793A62A-D979-4563-93D8-71D2ED21CE39}"
EndProject
Project("{9A19103F-16F7-4668-BE54-9A1E7A4F7556}") = "Uncmd.Blogging.HttpApi", "modules\Blogging\src\Uncmd.Blogging.HttpApi\Uncmd.Blogging.HttpApi.csproj", "{3BD4447B-342D-401E-9FD2-D9DDA8B455B2}"
EndProject
Project("{9A19103F-16F7-4668-BE54-9A1E7A4F7556}") = "Uncmd.Blogging.HttpApi.Client", "modules\Blogging\src\Uncmd.Blogging.HttpApi.Client\Uncmd.Blogging.HttpApi.Client.csproj", "{051A13C1-0A97-4BE5-99F9-F3023E2DE2D1}"
EndProject
Project("{9A19103F-16F7-4668-BE54-9A1E7A4F7556}") = "Uncmd.Blogging.TestBase", "modules\Blogging\test\Uncmd.Blogging.TestBase\Uncmd.Blogging.TestBase.csproj", "{E8EC092B-5F25-4B5A-BB96-BF72C9855128}"
EndProject
Project("{2150E333-8FDC-42A3-9474-1A3956D46DE8}") = "microservices", "microservices", "{6E49C599-1C37-4773-BAAE-A6BE1E42596C}"
EndProject
Project("{9A19103F-16F7-4668-BE54-9A1E7A4F7556}") = "Uncmd.Blogging.HttpApi.Host", "modules\Blogging\host\Uncmd.Blogging.HttpApi.Host\Uncmd.Blogging.HttpApi.Host.csproj", "{26BD4D91-77A7-49EE-8849-2420315289D2}"
EndProject
Global
	GlobalSection(SolutionConfigurationPlatforms) = preSolution
		Debug|Any CPU = Debug|Any CPU
		Release|Any CPU = Release|Any CPU
	EndGlobalSection
	GlobalSection(ProjectConfigurationPlatforms) = postSolution
		{745F3FA2-3F0C-4844-9476-09F34268E459}.Debug|Any CPU.ActiveCfg = Debug|Any CPU
		{745F3FA2-3F0C-4844-9476-09F34268E459}.Debug|Any CPU.Build.0 = Debug|Any CPU
		{745F3FA2-3F0C-4844-9476-09F34268E459}.Release|Any CPU.ActiveCfg = Release|Any CPU
		{745F3FA2-3F0C-4844-9476-09F34268E459}.Release|Any CPU.Build.0 = Release|Any CPU
		{47CC74D2-2113-4995-BF1B-BDC77CCC9C33}.Debug|Any CPU.ActiveCfg = Debug|Any CPU
		{47CC74D2-2113-4995-BF1B-BDC77CCC9C33}.Debug|Any CPU.Build.0 = Debug|Any CPU
		{47CC74D2-2113-4995-BF1B-BDC77CCC9C33}.Release|Any CPU.ActiveCfg = Release|Any CPU
		{47CC74D2-2113-4995-BF1B-BDC77CCC9C33}.Release|Any CPU.Build.0 = Release|Any CPU
		{F05803D5-6DFA-4BF5-95CF-DBE0AE995758}.Debug|Any CPU.ActiveCfg = Debug|Any CPU
		{F05803D5-6DFA-4BF5-95CF-DBE0AE995758}.Debug|Any CPU.Build.0 = Debug|Any CPU
		{F05803D5-6DFA-4BF5-95CF-DBE0AE995758}.Release|Any CPU.ActiveCfg = Release|Any CPU
		{F05803D5-6DFA-4BF5-95CF-DBE0AE995758}.Release|Any CPU.Build.0 = Release|Any CPU
		{387EB76B-2C52-4209-960B-6BCFD2BB73AC}.Debug|Any CPU.ActiveCfg = Debug|Any CPU
		{387EB76B-2C52-4209-960B-6BCFD2BB73AC}.Debug|Any CPU.Build.0 = Debug|Any CPU
		{387EB76B-2C52-4209-960B-6BCFD2BB73AC}.Release|Any CPU.ActiveCfg = Release|Any CPU
		{387EB76B-2C52-4209-960B-6BCFD2BB73AC}.Release|Any CPU.Build.0 = Release|Any CPU
		{3348072C-ADAF-4A90-B9EB-98DCED868A7E}.Debug|Any CPU.ActiveCfg = Debug|Any CPU
		{3348072C-ADAF-4A90-B9EB-98DCED868A7E}.Debug|Any CPU.Build.0 = Debug|Any CPU
		{3348072C-ADAF-4A90-B9EB-98DCED868A7E}.Release|Any CPU.ActiveCfg = Release|Any CPU
		{3348072C-ADAF-4A90-B9EB-98DCED868A7E}.Release|Any CPU.Build.0 = Release|Any CPU
		{EC27EB5E-BAE8-4F08-80AD-9CC535E2A674}.Debug|Any CPU.ActiveCfg = Debug|Any CPU
		{EC27EB5E-BAE8-4F08-80AD-9CC535E2A674}.Debug|Any CPU.Build.0 = Debug|Any CPU
		{EC27EB5E-BAE8-4F08-80AD-9CC535E2A674}.Release|Any CPU.ActiveCfg = Release|Any CPU
		{EC27EB5E-BAE8-4F08-80AD-9CC535E2A674}.Release|Any CPU.Build.0 = Release|Any CPU
		{0A4536A7-CDE1-477A-8A9B-F548598143F3}.Debug|Any CPU.ActiveCfg = Debug|Any CPU
		{0A4536A7-CDE1-477A-8A9B-F548598143F3}.Debug|Any CPU.Build.0 = Debug|Any CPU
		{0A4536A7-CDE1-477A-8A9B-F548598143F3}.Release|Any CPU.ActiveCfg = Release|Any CPU
		{0A4536A7-CDE1-477A-8A9B-F548598143F3}.Release|Any CPU.Build.0 = Release|Any CPU
		{71EF2649-5497-4468-98CE-D64349DFE55B}.Debug|Any CPU.ActiveCfg = Debug|Any CPU
		{71EF2649-5497-4468-98CE-D64349DFE55B}.Debug|Any CPU.Build.0 = Debug|Any CPU
		{71EF2649-5497-4468-98CE-D64349DFE55B}.Release|Any CPU.ActiveCfg = Release|Any CPU
		{71EF2649-5497-4468-98CE-D64349DFE55B}.Release|Any CPU.Build.0 = Release|Any CPU
		{E344E2FF-4904-43A7-9FFE-B7D8DDA6B13B}.Debug|Any CPU.ActiveCfg = Debug|Any CPU
		{E344E2FF-4904-43A7-9FFE-B7D8DDA6B13B}.Debug|Any CPU.Build.0 = Debug|Any CPU
		{E344E2FF-4904-43A7-9FFE-B7D8DDA6B13B}.Release|Any CPU.ActiveCfg = Release|Any CPU
		{E344E2FF-4904-43A7-9FFE-B7D8DDA6B13B}.Release|Any CPU.Build.0 = Release|Any CPU
		{D0F21F29-623C-4D55-A113-E92AE449157C}.Debug|Any CPU.ActiveCfg = Debug|Any CPU
		{D0F21F29-623C-4D55-A113-E92AE449157C}.Debug|Any CPU.Build.0 = Debug|Any CPU
		{D0F21F29-623C-4D55-A113-E92AE449157C}.Release|Any CPU.ActiveCfg = Release|Any CPU
		{D0F21F29-623C-4D55-A113-E92AE449157C}.Release|Any CPU.Build.0 = Release|Any CPU
		{F793A62A-D979-4563-93D8-71D2ED21CE39}.Debug|Any CPU.ActiveCfg = Debug|Any CPU
		{F793A62A-D979-4563-93D8-71D2ED21CE39}.Debug|Any CPU.Build.0 = Debug|Any CPU
		{F793A62A-D979-4563-93D8-71D2ED21CE39}.Release|Any CPU.ActiveCfg = Release|Any CPU
		{F793A62A-D979-4563-93D8-71D2ED21CE39}.Release|Any CPU.Build.0 = Release|Any CPU
		{3BD4447B-342D-401E-9FD2-D9DDA8B455B2}.Debug|Any CPU.ActiveCfg = Debug|Any CPU
		{3BD4447B-342D-401E-9FD2-D9DDA8B455B2}.Debug|Any CPU.Build.0 = Debug|Any CPU
		{3BD4447B-342D-401E-9FD2-D9DDA8B455B2}.Release|Any CPU.ActiveCfg = Release|Any CPU
		{3BD4447B-342D-401E-9FD2-D9DDA8B455B2}.Release|Any CPU.Build.0 = Release|Any CPU
		{051A13C1-0A97-4BE5-99F9-F3023E2DE2D1}.Debug|Any CPU.ActiveCfg = Debug|Any CPU
		{051A13C1-0A97-4BE5-99F9-F3023E2DE2D1}.Debug|Any CPU.Build.0 = Debug|Any CPU
		{051A13C1-0A97-4BE5-99F9-F3023E2DE2D1}.Release|Any CPU.ActiveCfg = Release|Any CPU
		{051A13C1-0A97-4BE5-99F9-F3023E2DE2D1}.Release|Any CPU.Build.0 = Release|Any CPU
		{E8EC092B-5F25-4B5A-BB96-BF72C9855128}.Debug|Any CPU.ActiveCfg = Debug|Any CPU
		{E8EC092B-5F25-4B5A-BB96-BF72C9855128}.Debug|Any CPU.Build.0 = Debug|Any CPU
		{E8EC092B-5F25-4B5A-BB96-BF72C9855128}.Release|Any CPU.ActiveCfg = Release|Any CPU
		{E8EC092B-5F25-4B5A-BB96-BF72C9855128}.Release|Any CPU.Build.0 = Release|Any CPU
		{26BD4D91-77A7-49EE-8849-2420315289D2}.Debug|Any CPU.ActiveCfg = Debug|Any CPU
		{26BD4D91-77A7-49EE-8849-2420315289D2}.Debug|Any CPU.Build.0 = Debug|Any CPU
		{26BD4D91-77A7-49EE-8849-2420315289D2}.Release|Any CPU.ActiveCfg = Release|Any CPU
		{26BD4D91-77A7-49EE-8849-2420315289D2}.Release|Any CPU.Build.0 = Release|Any CPU
	EndGlobalSection
	GlobalSection(SolutionProperties) = preSolution
		HideSolutionNode = FALSE
	EndGlobalSection
	GlobalSection(NestedProjects) = preSolution
		{745F3FA2-3F0C-4844-9476-09F34268E459} = {40AC74FF-6F21-49D3-BC07-45C1D4875CC5}
		{47CC74D2-2113-4995-BF1B-BDC77CCC9C33} = {40AC74FF-6F21-49D3-BC07-45C1D4875CC5}
		{F05803D5-6DFA-4BF5-95CF-DBE0AE995758} = {6E8728AD-BAAA-4F39-83C3-6A8B45374F5A}
		{6E8728AD-BAAA-4F39-83C3-6A8B45374F5A} = {E48F7577-A9E2-4454-B73C-7C36916D01CD}
		{9228DE61-9458-4328-9728-5E753CE0EBD4} = {E48F7577-A9E2-4454-B73C-7C36916D01CD}
		{387EB76B-2C52-4209-960B-6BCFD2BB73AC} = {BD4C5285-520E-4B04-BDAB-3882FAE8195B}
		{3348072C-ADAF-4A90-B9EB-98DCED868A7E} = {B24C8F1A-C0F7-4BA6-BBAF-6DF50A538496}
		{EC27EB5E-BAE8-4F08-80AD-9CC535E2A674} = {B24C8F1A-C0F7-4BA6-BBAF-6DF50A538496}
		{BBBA084F-62C1-4D76-AA2D-D45361D253D6} = {52930C5D-DF9B-4067-BBBE-258ECEEA9224}
		{5101C34F-96FB-4EE7-964D-120741276D5B} = {BBBA084F-62C1-4D76-AA2D-D45361D253D6}
		{D00DFBEC-A775-4B68-B6F7-4351C3AC1253} = {BBBA084F-62C1-4D76-AA2D-D45361D253D6}
		{0A4536A7-CDE1-477A-8A9B-F548598143F3} = {5101C34F-96FB-4EE7-964D-120741276D5B}
		{71EF2649-5497-4468-98CE-D64349DFE55B} = {5101C34F-96FB-4EE7-964D-120741276D5B}
		{E344E2FF-4904-43A7-9FFE-B7D8DDA6B13B} = {5101C34F-96FB-4EE7-964D-120741276D5B}
		{D0F21F29-623C-4D55-A113-E92AE449157C} = {5101C34F-96FB-4EE7-964D-120741276D5B}
		{F793A62A-D979-4563-93D8-71D2ED21CE39} = {5101C34F-96FB-4EE7-964D-120741276D5B}
		{3BD4447B-342D-401E-9FD2-D9DDA8B455B2} = {5101C34F-96FB-4EE7-964D-120741276D5B}
		{051A13C1-0A97-4BE5-99F9-F3023E2DE2D1} = {5101C34F-96FB-4EE7-964D-120741276D5B}
		{E8EC092B-5F25-4B5A-BB96-BF72C9855128} = {D00DFBEC-A775-4B68-B6F7-4351C3AC1253}
		{26BD4D91-77A7-49EE-8849-2420315289D2} = {6E49C599-1C37-4773-BAAE-A6BE1E42596C}
	EndGlobalSection
	GlobalSection(ExtensibilityGlobals) = postSolution
		SolutionGuid = {F007CA9F-8816-45B9-BC9E-DC8F1A1A9C90}
	EndGlobalSection
EndGlobal
